// !$*UTF8*$!
{
	archiveVersion = 1;
	classes = {
	};
	objectVersion = 55;
	objects = {

/* Begin PBXBuildFile section */
		ED2436CB1D281292EF33ECC1 /* Pods_StarScreamDemo.framework in Frameworks */ = {isa = PBXBuildFile; fileRef = 86388AB2BA62B3417D785870 /* Pods_StarScreamDemo.framework */; };
		EE276CEB2966BC4800DE8E75 /* AppDelegate.swift in Sources */ = {isa = PBXBuildFile; fileRef = EE276CEA2966BC4800DE8E75 /* AppDelegate.swift */; };
		EE276CED2966BC4800DE8E75 /* SceneDelegate.swift in Sources */ = {isa = PBXBuildFile; fileRef = EE276CEC2966BC4800DE8E75 /* SceneDelegate.swift */; };
		EE276CEF2966BC4800DE8E75 /* ViewController.swift in Sources */ = {isa = PBXBuildFile; fileRef = EE276CEE2966BC4800DE8E75 /* ViewController.swift */; };
		EE276CF22966BC4800DE8E75 /* Main.storyboard in Resources */ = {isa = PBXBuildFile; fileRef = EE276CF02966BC4800DE8E75 /* Main.storyboard */; };
		EE276CF42966BC4900DE8E75 /* Assets.xcassets in Resources */ = {isa = PBXBuildFile; fileRef = EE276CF32966BC4900DE8E75 /* Assets.xcassets */; };
		EE276CF72966BC4900DE8E75 /* LaunchScreen.storyboard in Resources */ = {isa = PBXBuildFile; fileRef = EE276CF52966BC4900DE8E75 /* LaunchScreen.storyboard */; };
/* End PBXBuildFile section */

/* Begin PBXFileReference section */
		5CF767BDC7F898178CCC0686 /* Pods-StarScreamDemo.release.xcconfig */ = {isa = PBXFileReference; includeInIndex = 1; lastKnownFileType = text.xcconfig; name = "Pods-StarScreamDemo.release.xcconfig"; path = "Target Support Files/Pods-StarScreamDemo/Pods-StarScreamDemo.release.xcconfig"; sourceTree = "<group>"; };
		70DB1A98FC54F96751052948 /* Pods-StarScreamDemo.debug.xcconfig */ = {isa = PBXFileReference; includeInIndex = 1; lastKnownFileType = text.xcconfig; name = "Pods-StarScreamDemo.debug.xcconfig"; path = "Target Support Files/Pods-StarScreamDemo/Pods-StarScreamDemo.debug.xcconfig"; sourceTree = "<group>"; };
		86388AB2BA62B3417D785870 /* Pods_StarScreamDemo.framework */ = {isa = PBXFileReference; explicitFileType = wrapper.framework; includeInIndex = 0; path = Pods_StarScreamDemo.framework; sourceTree = BUILT_PRODUCTS_DIR; };
		EE276CE72966BC4800DE8E75 /* StarScreamDemo.app */ = {isa = PBXFileReference; explicitFileType = wrapper.application; includeInIndex = 0; path = StarScreamDemo.app; sourceTree = BUILT_PRODUCTS_DIR; };
		EE276CEA2966BC4800DE8E75 /* AppDelegate.swift */ = {isa = PBXFileReference; lastKnownFileType = sourcecode.swift; path = AppDelegate.swift; sourceTree = "<group>"; };
		EE276CEC2966BC4800DE8E75 /* SceneDelegate.swift */ = {isa = PBXFileReference; lastKnownFileType = sourcecode.swift; path = SceneDelegate.swift; sourceTree = "<group>"; };
		EE276CEE2966BC4800DE8E75 /* ViewController.swift */ = {isa = PBXFileReference; lastKnownFileType = sourcecode.swift; path = ViewController.swift; sourceTree = "<group>"; };
		EE276CF12966BC4800DE8E75 /* Base */ = {isa = PBXFileReference; lastKnownFileType = file.storyboard; name = Base; path = Base.lproj/Main.storyboard; sourceTree = "<group>"; };
		EE276CF32966BC4900DE8E75 /* Assets.xcassets */ = {isa = PBXFileReference; lastKnownFileType = folder.assetcatalog; path = Assets.xcassets; sourceTree = "<group>"; };
		EE276CF62966BC4900DE8E75 /* Base */ = {isa = PBXFileReference; lastKnownFileType = file.storyboard; name = Base; path = Base.lproj/LaunchScreen.storyboard; sourceTree = "<group>"; };
		EE276CF82966BC4900DE8E75 /* Info.plist */ = {isa = PBXFileReference; lastKnownFileType = text.plist.xml; path = Info.plist; sourceTree = "<group>"; };
/* End PBXFileReference section */

/* Begin PBXFrameworksBuildPhase section */
		EE276CE42966BC4800DE8E75 /* Frameworks */ = {
			isa = PBXFrameworksBuildPhase;
			buildActionMask = 2147483647;
			files = (
				ED2436CB1D281292EF33ECC1 /* Pods_StarScreamDemo.framework in Frameworks */,
			);
			runOnlyForDeploymentPostprocessing = 0;
		};
/* End PBXFrameworksBuildPhase section */

/* Begin PBXGroup section */
		628964BF930B4A16898DF57F /* Frameworks */ = {
			isa = PBXGroup;
			children = (
				86388AB2BA62B3417D785870 /* Pods_StarScreamDemo.framework */,
			);
			name = Frameworks;
			sourceTree = "<group>";
		};
		E597D1C3A08C32AB2BA672E8 /* Pods */ = {
			isa = PBXGroup;
			children = (
				70DB1A98FC54F96751052948 /* Pods-StarScreamDemo.debug.xcconfig */,
				5CF767BDC7F898178CCC0686 /* Pods-StarScreamDemo.release.xcconfig */,
			);
			name = Pods;
			path = Pods;
			sourceTree = "<group>";
		};
		EE276CDE2966BC4800DE8E75 = {
			isa = PBXGroup;
			children = (
				EE276CE92966BC4800DE8E75 /* StarScreamDemo */,
				EE276CE82966BC4800DE8E75 /* Products */,
				E597D1C3A08C32AB2BA672E8 /* Pods */,
				628964BF930B4A16898DF57F /* Frameworks */,
			);
			sourceTree = "<group>";
		};
		EE276CE82966BC4800DE8E75 /* Products */ = {
			isa = PBXGroup;
			children = (
				EE276CE72966BC4800DE8E75 /* StarScreamDemo.app */,
			);
			name = Products;
			sourceTree = "<group>";
		};
		EE276CE92966BC4800DE8E75 /* StarScreamDemo */ = {
			isa = PBXGroup;
			children = (
				EE276CEA2966BC4800DE8E75 /* AppDelegate.swift */,
				EE276CEC2966BC4800DE8E75 /* SceneDelegate.swift */,
				EE276CEE2966BC4800DE8E75 /* ViewController.swift */,
				EE276CF02966BC4800DE8E75 /* Main.storyboard */,
				EE276CF32966BC4900DE8E75 /* Assets.xcassets */,
				EE276CF52966BC4900DE8E75 /* LaunchScreen.storyboard */,
				EE276CF82966BC4900DE8E75 /* Info.plist */,
			);
			path = StarScreamDemo;
			sourceTree = "<group>";
		};
/* End PBXGroup section */

/* Begin PBXNativeTarget section */
		EE276CE62966BC4800DE8E75 /* StarScreamDemo */ = {
			isa = PBXNativeTarget;
			buildConfigurationList = EE276CFB2966BC4900DE8E75 /* Build configuration list for PBXNativeTarget "StarScreamDemo" */;
			buildPhases = (
				C385E9DA3DE11EDE7CE80514 /* [CP] Check Pods Manifest.lock */,
				EE276CE32966BC4800DE8E75 /* Sources */,
				EE276CE42966BC4800DE8E75 /* Frameworks */,
				EE276CE52966BC4800DE8E75 /* Resources */,
				7D0A5C740AA915C3BE7561BF /* [CP] Embed Pods Frameworks */,
			);
			buildRules = (
			);
			dependencies = (
			);
			name = StarScreamDemo;
			productName = StarScreamDemo;
			productReference = EE276CE72966BC4800DE8E75 /* StarScreamDemo.app */;
			productType = "com.apple.product-type.application";
		};
/* End PBXNativeTarget section */

/* Begin PBXProject section */
		EE276CDF2966BC4800DE8E75 /* Project object */ = {
			isa = PBXProject;
			attributes = {
				BuildIndependentTargetsInParallel = 1;
				LastSwiftUpdateCheck = 1320;
				LastUpgradeCheck = 1320;
				TargetAttributes = {
					EE276CE62966BC4800DE8E75 = {
						CreatedOnToolsVersion = 13.2.1;
					};
				};
			};
			buildConfigurationList = EE276CE22966BC4800DE8E75 /* Build configuration list for PBXProject "StarScreamDemo" */;
			compatibilityVersion = "Xcode 13.0";
			developmentRegion = en;
			hasScannedForEncodings = 0;
			knownRegions = (
				en,
				Base,
			);
			mainGroup = EE276CDE2966BC4800DE8E75;
			productRefGroup = EE276CE82966BC4800DE8E75 /* Products */;
			projectDirPath = "";
			projectRoot = "";
			targets = (
				EE276CE62966BC4800DE8E75 /* StarScreamDemo */,
			);
		};
/* End PBXProject section */

/* Begin PBXResourcesBuildPhase section */
		EE276CE52966BC4800DE8E75 /* Resources */ = {
			isa = PBXResourcesBuildPhase;
			buildActionMask = 2147483647;
			files = (
				EE276CF72966BC4900DE8E75 /* LaunchScreen.storyboard in Resources */,
				EE276CF42966BC4900DE8E75 /* Assets.xcassets in Resources */,
				EE276CF22966BC4800DE8E75 /* Main.storyboard in Resources */,
			);
			runOnlyForDeploymentPostprocessing = 0;
		};
/* End PBXResourcesBuildPhase section */

/* Begin PBXShellScriptBuildPhase section */
		7D0A5C740AA915C3BE7561BF /* [CP] Embed Pods Frameworks */ = {
			isa = PBXShellScriptBuildPhase;
			buildActionMask = 2147483647;
			files = (
			);
			inputFileListPaths = (
				"${PODS_ROOT}/Target Support Files/Pods-StarScreamDemo/Pods-StarScreamDemo-frameworks-${CONFIGURATION}-input-files.xcfilelist",
			);
			name = "[CP] Embed Pods Frameworks";
			outputFileListPaths = (
				"${PODS_ROOT}/Target Support Files/Pods-StarScreamDemo/Pods-StarScreamDemo-frameworks-${CONFIGURATION}-output-files.xcfilelist",
			);
			runOnlyForDeploymentPostprocessing = 0;
			shellPath = /bin/sh;
			shellScript = "\"${PODS_ROOT}/Target Support Files/Pods-StarScreamDemo/Pods-StarScreamDemo-frameworks.sh\"\n";
			showEnvVarsInLog = 0;
		};
		C385E9DA3DE11EDE7CE80514 /* [CP] Check Pods Manifest.lock */ = {
			isa = PBXShellScriptBuildPhase;
			buildActionMask = 2147483647;
			files = (
			);
			inputFileListPaths = (
			);
			inputPaths = (
				"${PODS_PODFILE_DIR_PATH}/Podfile.lock",
				"${PODS_ROOT}/Manifest.lock",
			);
			name = "[CP] Check Pods Manifest.lock";
			outputFileListPaths = (
			);
			outputPaths = (
				"$(DERIVED_FILE_DIR)/Pods-StarScreamDemo-checkManifestLockResult.txt",
			);
			runOnlyForDeploymentPostprocessing = 0;
			shellPath = /bin/sh;
			shellScript = "diff \"${PODS_PODFILE_DIR_PATH}/Podfile.lock\" \"${PODS_ROOT}/Manifest.lock\" > /dev/null\nif [ $? != 0 ] ; then\n    # print error to STDERR\n    echo \"error: The sandbox is not in sync with the Podfile.lock. Run 'pod install' or update your CocoaPods installation.\" >&2\n    exit 1\nfi\n# This output is used by Xcode 'outputs' to avoid re-running this script phase.\necho \"SUCCESS\" > \"${SCRIPT_OUTPUT_FILE_0}\"\n";
			showEnvVarsInLog = 0;
		};
/* End PBXShellScriptBuildPhase section */

/* Begin PBXSourcesBuildPhase section */
		EE276CE32966BC4800DE8E75 /* Sources */ = {
			isa = PBXSourcesBuildPhase;
			buildActionMask = 2147483647;
			files = (
				EE276CEF2966BC4800DE8E75 /* ViewController.swift in Sources */,
				EE276CEB2966BC4800DE8E75 /* AppDelegate.swift in Sources */,
				EE276CED2966BC4800DE8E75 /* SceneDelegate.swift in Sources */,
			);
			runOnlyForDeploymentPostprocessing = 0;
		};
/* End PBXSourcesBuildPhase section */

/* Begin PBXVariantGroup section */
		EE276CF02966BC4800DE8E75 /* Main.storyboard */ = {
			isa = PBXVariantGroup;
			children = (
				EE276CF12966BC4800DE8E75 /* Base */,
			);
			name = Main.storyboard;
			sourceTree = "<group>";
		};
		EE276CF52966BC4900DE8E75 /* LaunchScreen.storyboard */ = {
			isa = PBXVariantGroup;
			children = (
				EE276CF62966BC4900DE8E75 /* Base */,
			);
			name = LaunchScreen.storyboard;
			sourceTree = "<group>";
		};
/* End PBXVariantGroup section */

/* Begin XCBuildConfiguration section */
		EE276CF92966BC4900DE8E75 /* Debug */ = {
			isa = XCBuildConfiguration;
			buildSettings = {
				ALWAYS_SEARCH_USER_PATHS = NO;
				CLANG_ANALYZER_NONNULL = YES;
				CLANG_ANALYZER_NUMBER_OBJECT_CONVERSION = YES_AGGRESSIVE;
				CLANG_CXX_LANGUAGE_STANDARD = "gnu++17";
				CLANG_CXX_LIBRARY = "libc++";
				CLANG_ENABLE_MODULES = YES;
				CLANG_ENABLE_OBJC_ARC = YES;
				CLANG_ENABLE_OBJC_WEAK = YES;
				CLANG_WARN_BLOCK_CAPTURE_AUTORELEASING = YES;
				CLANG_WARN_BOOL_CONVERSION = YES;
				CLANG_WARN_COMMA = YES;
				CLANG_WARN_CONSTANT_CONVERSION = YES;
				CLANG_WARN_DEPRECATED_OBJC_IMPLEMENTATIONS = YES;
				CLANG_WARN_DIRECT_OBJC_ISA_USAGE = YES_ERROR;
				CLANG_WARN_DOCUMENTATION_COMMENTS = YES;
				CLANG_WARN_EMPTY_BODY = YES;
				CLANG_WARN_ENUM_CONVERSION = YES;
				CLANG_WARN_INFINITE_RECURSION = YES;
				CLANG_WARN_INT_CONVERSION = YES;
				CLANG_WARN_NON_LITERAL_NULL_CONVERSION = YES;
				CLANG_WARN_OBJC_IMPLICIT_RETAIN_SELF = YES;
				CLANG_WARN_OBJC_LITERAL_CONVERSION = YES;
				CLANG_WARN_OBJC_ROOT_CLASS = YES_ERROR;
				CLANG_WARN_QUOTED_INCLUDE_IN_FRAMEWORK_HEADER = YES;
				CLANG_WARN_RANGE_LOOP_ANALYSIS = YES;
				CLANG_WARN_STRICT_PROTOTYPES = YES;
				CLANG_WARN_SUSPICIOUS_MOVE = YES;
				CLANG_WARN_UNGUARDED_AVAILABILITY = YES_AGGRESSIVE;
				CLANG_WARN_UNREACHABLE_CODE = YES;
				CLANG_WARN__DUPLICATE_METHOD_MATCH = YES;
				COPY_PHASE_STRIP = NO;
				DEBUG_INFORMATION_FORMAT = dwarf;
				ENABLE_STRICT_OBJC_MSGSEND = YES;
				ENABLE_TESTABILITY = YES;
				GCC_C_LANGUAGE_STANDARD = gnu11;
				GCC_DYNAMIC_NO_PIC = NO;
				GCC_NO_COMMON_BLOCKS = YES;
				GCC_OPTIMIZATION_LEVEL = 0;
				GCC_PREPROCESSOR_DEFINITIONS = (
					"DEBUG=1",
					"$(inherited)",
				);
				GCC_WARN_64_TO_32_BIT_CONVERSION = YES;
				GCC_WARN_ABOUT_RETURN_TYPE = YES_ERROR;
				GCC_WARN_UNDECLARED_SELECTOR = YES;
				GCC_WARN_UNINITIALIZED_AUTOS = YES_AGGRESSIVE;
				GCC_WARN_UNUSED_FUNCTION = YES;
				GCC_WARN_UNUSED_VARIABLE = YES;
				IPHONEOS_DEPLOYMENT_TARGET = 15.2;
				MTL_ENABLE_DEBUG_INFO = INCLUDE_SOURCE;
				MTL_FAST_MATH = YES;
				ONLY_ACTIVE_ARCH = YES;
				SDKROOT = iphoneos;
				SWIFT_ACTIVE_COMPILATION_CONDITIONS = DEBUG;
				SWIFT_OPTIMIZATION_LEVEL = "-Onone";
			};
			name = Debug;
		};
		EE276CFA2966BC4900DE8E75 /* Release */ = {
			isa = XCBuildConfiguration;
			buildSettings = {
				ALWAYS_SEARCH_USER_PATHS = NO;
				CLANG_ANALYZER_NONNULL = YES;
				CLANG_ANALYZER_NUMBER_OBJECT_CONVERSION = YES_AGGRESSIVE;
				CLANG_CXX_LANGUAGE_STANDARD = "gnu++17";
				CLANG_CXX_LIBRARY = "libc++";
				CLANG_ENABLE_MODULES = YES;
				CLANG_ENABLE_OBJC_ARC = YES;
				CLANG_ENABLE_OBJC_WEAK = YES;
				CLANG_WARN_BLOCK_CAPTURE_AUTORELEASING = YES;
				CLANG_WARN_BOOL_CONVERSION = YES;
				CLANG_WARN_COMMA = YES;
				CLANG_WARN_CONSTANT_CONVERSION = YES;
				CLANG_WARN_DEPRECATED_OBJC_IMPLEMENTATIONS = YES;
				CLANG_WARN_DIRECT_OBJC_ISA_USAGE = YES_ERROR;
				CLANG_WARN_DOCUMENTATION_COMMENTS = YES;
				CLANG_WARN_EMPTY_BODY = YES;
				CLANG_WARN_ENUM_CONVERSION = YES;
				CLANG_WARN_INFINITE_RECURSION = YES;
				CLANG_WARN_INT_CONVERSION = YES;
				CLANG_WARN_NON_LITERAL_NULL_CONVERSION = YES;
				CLANG_WARN_OBJC_IMPLICIT_RETAIN_SELF = YES;
				CLANG_WARN_OBJC_LITERAL_CONVERSION = YES;
				CLANG_WARN_OBJC_ROOT_CLASS = YES_ERROR;
				CLANG_WARN_QUOTED_INCLUDE_IN_FRAMEWORK_HEADER = YES;
				CLANG_WARN_RANGE_LOOP_ANALYSIS = YES;
				CLANG_WARN_STRICT_PROTOTYPES = YES;
				CLANG_WARN_SUSPICIOUS_MOVE = YES;
				CLANG_WARN_UNGUARDED_AVAILABILITY = YES_AGGRESSIVE;
				CLANG_WARN_UNREACHABLE_CODE = YES;
				CLANG_WARN__DUPLICATE_METHOD_MATCH = YES;
				COPY_PHASE_STRIP = NO;
				DEBUG_INFORMATION_FORMAT = "dwarf-with-dsym";
				ENABLE_NS_ASSERTIONS = NO;
				ENABLE_STRICT_OBJC_MSGSEND = YES;
				GCC_C_LANGUAGE_STANDARD = gnu11;
				GCC_NO_COMMON_BLOCKS = YES;
				GCC_WARN_64_TO_32_BIT_CONVERSION = YES;
				GCC_WARN_ABOUT_RETURN_TYPE = YES_ERROR;
				GCC_WARN_UNDECLARED_SELECTOR = YES;
				GCC_WARN_UNINITIALIZED_AUTOS = YES_AGGRESSIVE;
				GCC_WARN_UNUSED_FUNCTION = YES;
				GCC_WARN_UNUSED_VARIABLE = YES;
				IPHONEOS_DEPLOYMENT_TARGET = 15.2;
				MTL_ENABLE_DEBUG_INFO = NO;
				MTL_FAST_MATH = YES;
				SDKROOT = iphoneos;
				SWIFT_COMPILATION_MODE = wholemodule;
				SWIFT_OPTIMIZATION_LEVEL = "-O";
				VALIDATE_PRODUCT = YES;
			};
			name = Release;
		};
		EE276CFC2966BC4900DE8E75 /* Debug */ = {
			isa = XCBuildConfiguration;
			baseConfigurationReference = 70DB1A98FC54F96751052948 /* Pods-StarScreamDemo.debug.xcconfig */;
			buildSettings = {
				ASSETCATALOG_COMPILER_APPICON_NAME = AppIcon;
				ASSETCATALOG_COMPILER_GLOBAL_ACCENT_COLOR_NAME = AccentColor;
				CODE_SIGN_STYLE = Automatic;
				CURRENT_PROJECT_VERSION = 1;
				DEVELOPMENT_TEAM = A4J7MX89NJ;
				GENERATE_INFOPLIST_FILE = YES;
				INFOPLIST_FILE = StarScreamDemo/Info.plist;
				INFOPLIST_KEY_UIApplicationSupportsIndirectInputEvents = YES;
				INFOPLIST_KEY_UILaunchStoryboardName = LaunchScreen;
				INFOPLIST_KEY_UIMainStoryboardFile = Main;
				INFOPLIST_KEY_UISupportedInterfaceOrientations_iPad = "UIInterfaceOrientationPortrait UIInterfaceOrientationPortraitUpsideDown UIInterfaceOrientationLandscapeLeft UIInterfaceOrientationLandscapeRight";
				INFOPLIST_KEY_UISupportedInterfaceOrientations_iPhone = "UIInterfaceOrientationPortrait UIInterfaceOrientationLandscapeLeft UIInterfaceOrientationLandscapeRight";
				LD_RUNPATH_SEARCH_PATHS = (
					"$(inherited)",
					"@executable_path/Frameworks",
				);
				MARKETING_VERSION = 1.0;
				PRODUCT_BUNDLE_IDENTIFIER = com.Ritik.StarScreamDemo;
				PRODUCT_NAME = "$(TARGET_NAME)";
				SWIFT_EMIT_LOC_STRINGS = YES;
				SWIFT_VERSION = 5.0;
				TARGETED_DEVICE_FAMILY = "1,2";
			};
			name = Debug;
		};
		EE276CFD2966BC4900DE8E75 /* Release */ = {
			isa = XCBuildConfiguration;
			baseConfigurationReference = 5CF767BDC7F898178CCC0686 /* Pods-StarScreamDemo.release.xcconfig */;
			buildSettings = {
				ASSETCATALOG_COMPILER_APPICON_NAME = AppIcon;
				ASSETCATALOG_COMPILER_GLOBAL_ACCENT_COLOR_NAME = AccentColor;
				CODE_SIGN_STYLE = Automatic;
				CURRENT_PROJECT_VERSION = 1;
				DEVELOPMENT_TEAM = A4J7MX89NJ;
				GENERATE_INFOPLIST_FILE = YES;
				INFOPLIST_FILE = StarScreamDemo/Info.plist;
				INFOPLIST_KEY_UIApplicationSupportsIndirectInputEvents = YES;
				INFOPLIST_KEY_UILaunchStoryboardName = LaunchScreen;
				INFOPLIST_KEY_UIMainStoryboardFile = Main;
				INFOPLIST_KEY_UISupportedInterfaceOrientations_iPad = "UIInterfaceOrientationPortrait UIInterfaceOrientationPortraitUpsideDown UIInterfaceOrientationLandscapeLeft UIInterfaceOrientationLandscapeRight";
				INFOPLIST_KEY_UISupportedInterfaceOrientations_iPhone = "UIInterfaceOrientationPortrait UIInterfaceOrientationLandscapeLeft UIInterfaceOrientationLandscapeRight";
				LD_RUNPATH_SEARCH_PATHS = (
					"$(inherited)",
					"@executable_path/Frameworks",
				);
				MARKETING_VERSION = 1.0;
				PRODUCT_BUNDLE_IDENTIFIER = com.Ritik.StarScreamDemo;
				PRODUCT_NAME = "$(TARGET_NAME)";
				SWIFT_EMIT_LOC_STRINGS = YES;
				SWIFT_VERSION = 5.0;
				TARGETED_DEVICE_FAMILY = "1,2";
			};
			name = Release;
		};
/* End XCBuildConfiguration section */

/* Begin XCConfigurationList section */
		EE276CE22966BC4800DE8E75 /* Build configuration list for PBXProject "StarScreamDemo" */ = {
			isa = XCConfigurationList;
			buildConfigurations = (
				EE276CF92966BC4900DE8E75 /* Debug */,
				EE276CFA2966BC4900DE8E75 /* Release */,
			);
			defaultConfigurationIsVisible = 0;
			defaultConfigurationName = Release;
		};
		EE276CFB2966BC4900DE8E75 /* Build configuration list for PBXNativeTarget "StarScreamDemo" */ = {
			isa = XCConfigurationList;
			buildConfigurations = (
				EE276CFC2966BC4900DE8E75 /* Debug */,
				EE276CFD2966BC4900DE8E75 /* Release */,
			);
			defaultConfigurationIsVisible = 0;
			defaultConfigurationName = Release;
		};
/* End XCConfigurationList section */
	};
	rootObject = EE276CDF2966BC4800DE8E75 /* Project object */;
}
